
Microsoft Visual Studio Solution File, Format Version 12.00
# Visual Studio Version 17
VisualStudioVersion = 17.8.34511.84
MinimumVisualStudioVersion = 10.0.40219.1
Project("{9A19103F-16F7-4668-BE54-9A1E7A4F7556}") = "SecondTaernCombat", "SecondTaernCombat\SecondTaernCombat.csproj", "{D58E4FB4-E602-4DB5-BA29-51B6FF318AEB}"
EndProject
Project("{9A19103F-16F7-4668-BE54-9A1E7A4F7556}") = "TestProject1", "TestProject1\TestProject1.csproj", "{0D1AA23E-8DED-4465-9433-27CF38D92CFB}"
	ProjectSection(ProjectDependencies) = postProject
		{D58E4FB4-E602-4DB5-BA29-51B6FF318AEB} = {D58E4FB4-E602-4DB5-BA29-51B6FF318AEB}
	EndProjectSection
EndProject
Global
	GlobalSection(SolutionConfigurationPlatforms) = preSolution
		Debug|Any CPU = Debug|Any CPU
		Release|Any CPU = Release|Any CPU
	EndGlobalSection
	GlobalSection(ProjectConfigurationPlatforms) = postSolution
		{D58E4FB4-E602-4DB5-BA29-51B6FF318AEB}.Debug|Any CPU.ActiveCfg = Debug|Any CPU
		{D58E4FB4-E602-4DB5-BA29-51B6FF318AEB}.Debug|Any CPU.Build.0 = Debug|Any CPU
		{D58E4FB4-E602-4DB5-BA29-51B6FF318AEB}.Release|Any CPU.ActiveCfg = Release|Any CPU
		{D58E4FB4-E602-4DB5-BA29-51B6FF318AEB}.Release|Any CPU.Build.0 = Release|Any CPU
		{0D1AA23E-8DED-4465-9433-27CF38D92CFB}.Debug|Any CPU.ActiveCfg = Debug|Any CPU
		{0D1AA23E-8DED-4465-9433-27CF38D92CFB}.Debug|Any CPU.Build.0 = Debug|Any CPU
		{0D1AA23E-8DED-4465-9433-27CF38D92CFB}.Release|Any CPU.ActiveCfg = Release|Any CPU
		{0D1AA23E-8DED-4465-9433-27CF38D92CFB}.Release|Any CPU.Build.0 = Release|Any CPU
	EndGlobalSection
	GlobalSection(SolutionProperties) = preSolution
		HideSolutionNode = FALSE
	EndGlobalSection
	GlobalSection(ExtensibilityGlobals) = postSolution
		SolutionGuid = {972106FA-4D18-4E46-B220-B4080CC82EE9}
	EndGlobalSection
EndGlobal
